
Microsoft Visual Studio Solution File, Format Version 12.00
# Visual Studio Version 16
VisualStudioVersion = 16.0.29613.14
MinimumVisualStudioVersion = 10.0.40219.1
Project("{9A19103F-16F7-4668-BE54-9A1E7A4F7556}") = "MAC.Servicios.ClienteRestNC", "MAC.Servicios.ClienteRestNC\MAC.Servicios.ClienteRestNC.csproj", "{E304FBCE-20D6-4D88-975E-38BC3B4E9B1E}"
EndProject
Project("{9A19103F-16F7-4668-BE54-9A1E7A4F7556}") = "MAC.Serguridad.Acceso", "MAC.Seguridad.Acceso\MAC.Serguridad.Acceso.csproj", "{B85D96E8-1C01-44BE-BAB3-C02BBEBF0DE7}"
EndProject
Project("{9A19103F-16F7-4668-BE54-9A1E7A4F7556}") = "MAC.AONPocket.Web", "MAC.AONPocket.Web\MAC.AONPocket.Web.csproj", "{9CBFFF1A-AC0A-457B-A55B-70C338C4E3B8}"
EndProject
Global
	GlobalSection(SolutionConfigurationPlatforms) = preSolution
		Debug|Any CPU = Debug|Any CPU
		Release|Any CPU = Release|Any CPU
	EndGlobalSection
	GlobalSection(ProjectConfigurationPlatforms) = postSolution
		{E304FBCE-20D6-4D88-975E-38BC3B4E9B1E}.Debug|Any CPU.ActiveCfg = Debug|Any CPU
		{E304FBCE-20D6-4D88-975E-38BC3B4E9B1E}.Debug|Any CPU.Build.0 = Debug|Any CPU
		{E304FBCE-20D6-4D88-975E-38BC3B4E9B1E}.Release|Any CPU.ActiveCfg = Release|Any CPU
		{E304FBCE-20D6-4D88-975E-38BC3B4E9B1E}.Release|Any CPU.Build.0 = Release|Any CPU
		{B85D96E8-1C01-44BE-BAB3-C02BBEBF0DE7}.Debug|Any CPU.ActiveCfg = Debug|Any CPU
		{B85D96E8-1C01-44BE-BAB3-C02BBEBF0DE7}.Debug|Any CPU.Build.0 = Debug|Any CPU
		{B85D96E8-1C01-44BE-BAB3-C02BBEBF0DE7}.Release|Any CPU.ActiveCfg = Release|Any CPU
		{B85D96E8-1C01-44BE-BAB3-C02BBEBF0DE7}.Release|Any CPU.Build.0 = Release|Any CPU
		{9CBFFF1A-AC0A-457B-A55B-70C338C4E3B8}.Debug|Any CPU.ActiveCfg = Debug|Any CPU
		{9CBFFF1A-AC0A-457B-A55B-70C338C4E3B8}.Debug|Any CPU.Build.0 = Debug|Any CPU
		{9CBFFF1A-AC0A-457B-A55B-70C338C4E3B8}.Release|Any CPU.ActiveCfg = Release|Any CPU
		{9CBFFF1A-AC0A-457B-A55B-70C338C4E3B8}.Release|Any CPU.Build.0 = Release|Any CPU
	EndGlobalSection
	GlobalSection(SolutionProperties) = preSolution
		HideSolutionNode = FALSE
	EndGlobalSection
	GlobalSection(ExtensibilityGlobals) = postSolution
		SolutionGuid = {3C2C9016-DF34-408A-B882-96F550E1EBC4}
	EndGlobalSection
EndGlobal
